github.com/josharian/intern v1.0.0 h1:vlS4z54oSdjm0bgjRigI+G1HpF+tI+9rE5LLzOg8HmY=
github.com/josharian/intern v1.0.0/go.mod h1:5DoeVV0s6jJacbCEi61lwdGj/aVlrQvzHFFd8Hwg//Y=
github.com/mailru/easyjson v0.7.7-0.20201007175905-fca00f44f19d h1:1QWgCQKhx5SP4Wyxlcml2Wcz4bP0b16IVy3jeJfpLOo=
github.com/mailru/easyjson v0.7.7-0.20201007175905-fca00f44f19d/go.mod h1:xzfreul335JAWq5oZzymOObrkdz5UnU4kGfJJLY9Nlc=
