github.com/edwingeng/easyjson v0.0.0-20190508062953-10368775a286 h1:AZmYbs5O8+FsDwYuGQmcEovVW+0ILnNC9FFu9gnCZIo=
github.com/edwingeng/easyjson v0.0.0-20190508062953-10368775a286/go.mod h1:8Db6a8b4MGQg08ypk+IK5qQDIGPdVGGp+9RlA1FFRnE=
github.com/mailru/easyjson v0.0.0-20190403194419-1ea4449da983 h1:wL11wNW7dhKIcRCHSm4sHKPWz0tt4mwBsVodG7+Xyqg=
github.com/mailru/easyjson v0.0.0-20190403194419-1ea4449da983/go.mod h1:C1wdFJiN94OJF2b5HbByQZoLdCWB1Yqtg26g4irojpc=
